{
  "requires": true,
  "lockfileVersion": 1,
  "dependencies": {
    "immer-peasy": {
      "version": "4.0.0-beta.0",
      "resolved": "https://registry.npmjs.org/immer-peasy/-/immer-peasy-4.0.0-beta.0.tgz",
      "integrity": "sha512-DazOrbz+fToZ3DC1kf3PI7YVa47fElgA4nc7G5JHYkGwfWEzk0b0Hiix+oQjMoRnLOuKZm6P3C+9uPtzIeMjJw=="
    },
    "js-tokens": {
      "version": "4.0.0",
      "resolved": "https://registry.npmjs.org/js-tokens/-/js-tokens-4.0.0.tgz",
      "integrity": "sha512-RdJUflcE3cUzKiMqQgsCu06FPu9UdIJO0beYbPhHN4k6apgJtifcoCtT9bcxOpYBtpD2kCM6Sbzg4CausW/PKQ=="
    },
    "loose-envify": {
      "version": "1.4.0",
      "resolved": "https://registry.npmjs.org/loose-envify/-/loose-envify-1.4.0.tgz",
      "integrity": "sha512-lyuxPGr/Wfhrlem2CL/UcnUc1zcqKAImBDzukY7Y5F/yQiNdko6+fRLevlw1HgMySw7f611UIY408EtxRSoK3Q==",
      "requires": {
        "js-tokens": "^3.0.0 || ^4.0.0"
      }
    },
    "map-or-similar": {
      "version": "1.5.0",
      "resolved": "https://registry.npmjs.org/map-or-similar/-/map-or-similar-1.5.0.tgz",
      "integrity": "sha1-beJlMXSt+12e3DPGnT6Sobdvrwg="
    },
    "memoizerific": {
      "version": "1.11.3",
      "resolved": "https://registry.npmjs.org/memoizerific/-/memoizerific-1.11.3.tgz",
      "integrity": "sha1-fIekZGREwy11Q4VwkF8tvRsagFo=",
      "requires": {
        "map-or-similar": "^1.5.0"
      }
    },
    "redux": {
      "version": "4.0.1",
      "resolved": "https://registry.npmjs.org/redux/-/redux-4.0.1.tgz",
      "integrity": "sha512-R7bAtSkk7nY6O/OYMVR9RiBI+XghjF9rlbl5806HJbQph0LJVHZrU5oaO4q70eUKiqMRqm4y07KLTlMZ2BlVmg==",
      "requires": {
        "loose-envify": "^1.4.0",
        "symbol-observable": "^1.2.0"
      }
    },
    "redux-thunk": {
      "version": "2.3.0",
      "resolved": "https://registry.npmjs.org/redux-thunk/-/redux-thunk-2.3.0.tgz",
      "integrity": "sha512-km6dclyFnmcvxhAcrQV2AkZmPQjzPDjgVlQtR0EQjxZPyJ0BnMf3in1ryuR8A2qU0HldVRfxYXbFSKlI3N7Slw=="
    },
    "shallowequal": {
      "version": "1.1.0",
      "resolved": "https://registry.npmjs.org/shallowequal/-/shallowequal-1.1.0.tgz",
      "integrity": "sha512-y0m1JoUZSlPAjXVtPPW70aZWfIL/dSP7AFkRnniLCrK/8MDKog3TySTBmckD+RObVxH0v4Tox67+F14PdED2oQ=="
    },
    "symbol-observable": {
      "version": "1.2.0",
      "resolved": "https://registry.npmjs.org/symbol-observable/-/symbol-observable-1.2.0.tgz",
      "integrity": "sha512-e900nM8RRtGhlV36KGEU9k65K3mPb1WV70OdjfxlG2EAuM1noi/E/BaW/uMhL7bPEssK8QV57vN3esixjUvcXQ=="
    },
    "type-zoo": {
      "version": "3.3.0",
      "resolved": "https://registry.npmjs.org/type-zoo/-/type-zoo-3.3.0.tgz",
      "integrity": "sha512-ID2kIg4QMbujPOpphFvSl7yyk0JaN2+5m2cprhxpzJqYWHhozLbYOHCAZqq7j1PPfzLe8XrYeZfPb99v96WVRw=="
    },
    "typelevel-ts": {
      "version": "0.3.5",
      "resolved": "https://registry.npmjs.org/typelevel-ts/-/typelevel-ts-0.3.5.tgz",
      "integrity": "sha512-VZKF0ak5RNgrPkpI2uJJL0WBqNcj67+hzYzD6SwoxzrgvgjP24gskqniXd62UY5rrJCxd3q/iChtxKcHC6fRvA=="
    }
  }
}
